
Microsoft Visual Studio Solution File, Format Version 12.00
# Visual Studio Version 17
VisualStudioVersion = 17.8.34330.188
MinimumVisualStudioVersion = 10.0.40219.1
Project("{9A19103F-16F7-4668-BE54-9A1E7A4F7556}") = "AC1_M9UF1", "AC1_M9UF1\AC1_M9UF1.csproj", "{C1807919-562A-4BB7-AE5A-8C537A90D08C}"
EndProject
Global
	GlobalSection(SolutionConfigurationPlatforms) = preSolution
		Debug|Any CPU = Debug|Any CPU
		Release|Any CPU = Release|Any CPU
	EndGlobalSection
	GlobalSection(ProjectConfigurationPlatforms) = postSolution
		{C1807919-562A-4BB7-AE5A-8C537A90D08C}.Debug|Any CPU.ActiveCfg = Debug|Any CPU
		{C1807919-562A-4BB7-AE5A-8C537A90D08C}.Debug|Any CPU.Build.0 = Debug|Any CPU
		{C1807919-562A-4BB7-AE5A-8C537A90D08C}.Release|Any CPU.ActiveCfg = Release|Any CPU
		{C1807919-562A-4BB7-AE5A-8C537A90D08C}.Release|Any CPU.Build.0 = Release|Any CPU
	EndGlobalSection
	GlobalSection(SolutionProperties) = preSolution
		HideSolutionNode = FALSE
	EndGlobalSection
	GlobalSection(ExtensibilityGlobals) = postSolution
		SolutionGuid = {3C861BC6-514C-4448-A364-7A531D255BD2}
	EndGlobalSection
EndGlobal
